PODS:
  - OpenCV (3.1.0.1)
  - SwiftyCam (2.1.0)

DEPENDENCIES:
  - OpenCV (~> 3.1.0.1)
  - SwiftyCam

SPEC CHECKSUMS:
  OpenCV: 41c4250e2b06a394d6fbb634b5fa622cdd846018
  SwiftyCam: 2f13473f67afa4658bff79453d7db6890e2fa84d

PODFILE CHECKSUM: 8ac0bfb0f41a8aa78a21061d0096d64aaff149cf

COCOAPODS: 1.2.0
